
Microsoft Visual Studio Solution File, Format Version 12.00
# Visual Studio Version 17
VisualStudioVersion = 17.13.35931.197
MinimumVisualStudioVersion = 10.0.40219.1
Project("{FAE04EC0-301F-11D3-BF4B-00C04F79EFBC}") = "EjerciciosRazorPages", "EjerciciosRazorPages\EjerciciosRazorPages.csproj", "{C6B51204-6325-434E-8B38-C4A939A8D095}"
EndProject
Global
	GlobalSection(SolutionConfigurationPlatforms) = preSolution
		Debug|Any CPU = Debug|Any CPU
		Release|Any CPU = Release|Any CPU
	EndGlobalSection
	GlobalSection(ProjectConfigurationPlatforms) = postSolution
		{C6B51204-6325-434E-8B38-C4A939A8D095}.Debug|Any CPU.ActiveCfg = Debug|Any CPU
		{C6B51204-6325-434E-8B38-C4A939A8D095}.Debug|Any CPU.Build.0 = Debug|Any CPU
		{C6B51204-6325-434E-8B38-C4A939A8D095}.Release|Any CPU.ActiveCfg = Release|Any CPU
		{C6B51204-6325-434E-8B38-C4A939A8D095}.Release|Any CPU.Build.0 = Release|Any CPU
	EndGlobalSection
	GlobalSection(SolutionProperties) = preSolution
		HideSolutionNode = FALSE
	EndGlobalSection
	GlobalSection(ExtensibilityGlobals) = postSolution
		SolutionGuid = {D1EA7A8F-1852-48B1-B31B-71D0A9DBC6B2}
	EndGlobalSection
EndGlobal
